// !$*UTF8*$!
{
	archiveVersion = 1;
	classes = {
	};
	objectVersion = 54;
	objects = {

/* Begin PBXBuildFile section */
		01532DAA137C099F0076F6BF /* icon.png in Resources */ = {isa = PBXBuildFile; fileRef = 01532DA9137C099F0076F6BF /* icon.png */; };
		060C443B87D8C3EF1FC2416F /* libpyobjus.xcframework in Frameworks */ = {isa = PBXBuildFile; fileRef = F2B94923964A1CE4962D4E10 /* libpyobjus.xcframework */; };
		091E417EBA8DB5FB40D46D4E /* UIKit.framework in Frameworks */ = {isa = PBXBuildFile; fileRef = 37B8416F93E96BCAADB97406 /* UIKit.framework */; };
		17734C29BE05C8DA2710DF05 /* libSDL2_ttf.xcframework in Frameworks */ = {isa = PBXBuildFile; fileRef = 6BE34A05B7AFBB218553603E /* libSDL2_ttf.xcframework */; };
		177A4E9D994D9F9E79D6E201 /* libpng16.xcframework in Frameworks */ = {isa = PBXBuildFile; fileRef = E7EC475695B9BD276DEF062E /* libpng16.xcframework */; };
		19394CDFAC9A1A2A2A394420 /* CoreGraphics.framework in Frameworks */ = {isa = PBXBuildFile; fileRef = 4E1D4733B47E3B130F80BB93 /* CoreGraphics.framework */; };
		1D60589B0D05DD56006BFB54 /* main.m in Sources */ = {isa = PBXBuildFile; fileRef = 29B97316FDCFA39411CA2CEA /* main.m */; };
		1E54484083C6F437CE89A62B /* libSDL2.xcframework in Frameworks */ = {isa = PBXBuildFile; fileRef = E85F4A99A71A335B91DC87C9 /* libSDL2.xcframework */; };
		1E60416389306976DBF42536 /* libpython3.11.xcframework in Frameworks */ = {isa = PBXBuildFile; fileRef = C5784F089BCED68888B02590 /* libpython3.11.xcframework */; };
		1E9844E4940ED46B1955D4C3 /* AVFoundation.framework in Frameworks */ = {isa = PBXBuildFile; fileRef = 63384B4C942F2913F15F3832 /* AVFoundation.framework */; };
		2786433AB876EAD1C19F6590 /* CoreMedia.framework in Frameworks */ = {isa = PBXBuildFile; fileRef = BD97461E9D6E45E48E44E5D3 /* CoreMedia.framework */; };
		2CB5F34717D5233A006187AB /* bridge.m in Sources */ = {isa = PBXBuildFile; fileRef = 2CB5F34617D5233A006187AB /* bridge.m */; };
		3BCB48F1A3844918A2216231 /* QuartzCore.framework in Frameworks */ = {isa = PBXBuildFile; fileRef = 2ADD4022922EDD5A6EEF3EFB /* QuartzCore.framework */; };
		3CB14CA094DEC09684BDA071 /* Photos.framework in Frameworks */ = {isa = PBXBuildFile; fileRef = DB8C48DF91D05DF3A18079BD /* Photos.framework */; };
		47A342C18F6C020D21FD5271 /* CoreVideo.framework in Frameworks */ = {isa = PBXBuildFile; fileRef = 95554A4999A3C72B58AC5711 /* CoreVideo.framework */; };
		4E5C4426B2D92E83E3113D0D /* libSDL2_image.xcframework in Frameworks */ = {isa = PBXBuildFile; fileRef = C84944FD89E7274F59B5D25D /* libSDL2_image.xcframework */; };
		59738AB51A8BB5D8001B2C0C /* lib in Resources */ = {isa = PBXBuildFile; fileRef = 59738AB41A8BB5D8001B2C0C /* lib */; };
		59738ABB1A8E19AA001B2C0C /* Images.xcassets in Resources */ = {isa = PBXBuildFile; fileRef = 59738ABA1A8E19AA001B2C0C /* Images.xcassets */; };
		59994E3B148E85C800863906 /* YourApp in Resources */ = {isa = PBXBuildFile; fileRef = 59994E3A148E85C800863906 /* YourApp */; };
		59FDEA8B21E7D34E004E6ECE /* include in Resources */ = {isa = PBXBuildFile; fileRef = 59FDEA8A21E7D34E004E6ECE /* include */; };
		75D34D07AB4B64F65EAE2A09 /* libcrypto.xcframework in Frameworks */ = {isa = PBXBuildFile; fileRef = 25D340269255EED97BFAF156 /* libcrypto.xcframework */; };
		769E451A99E4DFBCADEFC806 /* libbz2.tbd in Frameworks */ = {isa = PBXBuildFile; fileRef = 93724A0898130FFBDBDC000F /* libbz2.tbd */; };
		78B34E52899E4B83200BD927 /* Accelerate.framework in Frameworks */ = {isa = PBXBuildFile; fileRef = 5FFB4C5C8020FA01EED7D27B /* Accelerate.framework */; };
		7C3E47C7B3033A944828DF6D /* libffi.xcframework in Frameworks */ = {isa = PBXBuildFile; fileRef = CBD84C5EB0EAD701EC14B39C /* libffi.xcframework */; };
		7D504A9F8BAE5BB13A9FD717 /* AudioToolbox.framework in Frameworks */ = {isa = PBXBuildFile; fileRef = 53194086AA153D9EA52C90DF /* AudioToolbox.framework */; };
		82B14479B5B9FB62DFC32356 /* GameController.framework in Frameworks */ = {isa = PBXBuildFile; fileRef = 5E4C498C84695EA0C95329F2 /* GameController.framework */; };
		89144AD88B780E107BA1ED59 /* OpenGLES.framework in Frameworks */ = {isa = PBXBuildFile; fileRef = 91CA449ABFDBFF44BBF9E2A8 /* OpenGLES.framework */; };
		A1ED4B36A724E8446635E28C /* libSDL2_mixer.xcframework in Frameworks */ = {isa = PBXBuildFile; fileRef = 2F51474D9418C2E1DFEA7A43 /* libSDL2_mixer.xcframework */; };
		A2704BF3830585D2E8BF14F8 /* Metal.framework in Frameworks */ = {isa = PBXBuildFile; fileRef = 942F4AF1B21982FCD53B2D5B /* Metal.framework */; };
		A5C541969E10B11B74E7D948 /* MessageUI.framework in Frameworks */ = {isa = PBXBuildFile; fileRef = 86274010AEF9891B6D13EB5B /* MessageUI.framework */; };
		AC5106F52959EE4E00655416 /* Launch Screen.storyboard in Resources */ = {isa = PBXBuildFile; fileRef = AC5106F42959EE4E00655416 /* Launch Screen.storyboard */; };
		B6B2487EB6BA8AAB887787C3 /* CoreHaptics.framework in Frameworks */ = {isa = PBXBuildFile; fileRef = 011B4B8AAB2DE5540D473F2B /* CoreHaptics.framework */; };
		BA614918BAFE5ADB15134935 /* CoreMotion.framework in Frameworks */ = {isa = PBXBuildFile; fileRef = E4EE497887D9BF5CC22FBF91 /* CoreMotion.framework */; };
		BD9E47929F71813BA8CCBCB1 /* ImageIO.framework in Frameworks */ = {isa = PBXBuildFile; fileRef = E8784351A951D75CA4C13FA6 /* ImageIO.framework */; };
		C1AD452BB642E3F95466FF09 /* MobileCoreServices.framework in Frameworks */ = {isa = PBXBuildFile; fileRef = 1A36434288218F01BD060B56 /* MobileCoreServices.framework */; };
		C86F415596FA2D6F4D35BA57 /* libsqlite3.tbd in Frameworks */ = {isa = PBXBuildFile; fileRef = A45F4983B903D4F053DB80A8 /* libsqlite3.tbd */; };
		D0AA4E88A0B644389AE144F3 /* libios.xcframework in Frameworks */ = {isa = PBXBuildFile; fileRef = 31944B239B50F6BD15D977B8 /* libios.xcframework */; };
		D1C9432F819E24B3C395D540 /* libc++.tbd in Frameworks */ = {isa = PBXBuildFile; fileRef = A2684803B963E4A32476BD56 /* libc++.tbd */; };
		DAE9450BB90E3F1263E3AF24 /* libz.tbd in Frameworks */ = {isa = PBXBuildFile; fileRef = E4E840F2B5217E0AE886FD7A /* libz.tbd */; };
		E65F4116B4763E73264B5C92 /* libkivy.xcframework in Frameworks */ = {isa = PBXBuildFile; fileRef = 848943639BF71D54F08D261F /* libkivy.xcframework */; };
		ED4F443B8A194CD9455697F6 /* libssl.xcframework in Frameworks */ = {isa = PBXBuildFile; fileRef = 4C35484491C17D6DFD67CDF5 /* libssl.xcframework */; };
		FB1C418CAD0205E109E351BE /* WebKit.framework in Frameworks */ = {isa = PBXBuildFile; fileRef = 858740A8A395FA8504F53CCB /* WebKit.framework */; };
/* End PBXBuildFile section */

/* Begin PBXFileReference section */
		011B4B8AAB2DE5540D473F2B /* CoreHaptics.framework */ = {isa = PBXFileReference; lastKnownFileType = wrapper.framework; path = CoreHaptics.framework; sourceTree = DEVELOPER_DIR; };
		01532DA9137C099F0076F6BF /* icon.png */ = {isa = PBXFileReference; lastKnownFileType = image.png; path = icon.png; sourceTree = "<group>"; };
		1A36434288218F01BD060B56 /* MobileCoreServices.framework */ = {isa = PBXFileReference; lastKnownFileType = wrapper.framework; path = MobileCoreServices.framework; sourceTree = DEVELOPER_DIR; };
		1D6058910D05DD3D006BFB54 /* fa1000.app */ = {isa = PBXFileReference; explicitFileType = wrapper.application; includeInIndex = 0; path = fa1000.app; sourceTree = BUILT_PRODUCTS_DIR; };
		25D340269255EED97BFAF156 /* libcrypto.xcframework */ = {isa = PBXFileReference; lastKnownFileType = wrapper.xcframework; name = libcrypto.xcframework; path = ../dist/xcframework/libcrypto.xcframework; sourceTree = SOURCE_ROOT; };
		29B97316FDCFA39411CA2CEA /* main.m */ = {isa = PBXFileReference; fileEncoding = 4; lastKnownFileType = sourcecode.c.objc; path = main.m; sourceTree = "<group>"; };
		2ADD4022922EDD5A6EEF3EFB /* QuartzCore.framework */ = {isa = PBXFileReference; lastKnownFileType = wrapper.framework; path = QuartzCore.framework; sourceTree = DEVELOPER_DIR; };
		2CB5F34517D5233A006187AB /* bridge.h */ = {isa = PBXFileReference; fileEncoding = 4; lastKnownFileType = sourcecode.c.h; path = bridge.h; sourceTree = SOURCE_ROOT; };
		2CB5F34617D5233A006187AB /* bridge.m */ = {isa = PBXFileReference; fileEncoding = 4; lastKnownFileType = sourcecode.c.objc; path = bridge.m; sourceTree = SOURCE_ROOT; };
		2F51474D9418C2E1DFEA7A43 /* libSDL2_mixer.xcframework */ = {isa = PBXFileReference; lastKnownFileType = wrapper.xcframework; name = libSDL2_mixer.xcframework; path = ../dist/xcframework/libSDL2_mixer.xcframework; sourceTree = SOURCE_ROOT; };
		31944B239B50F6BD15D977B8 /* libios.xcframework */ = {isa = PBXFileReference; lastKnownFileType = wrapper.xcframework; name = libios.xcframework; path = ../dist/xcframework/libios.xcframework; sourceTree = SOURCE_ROOT; };
		37B8416F93E96BCAADB97406 /* UIKit.framework */ = {isa = PBXFileReference; lastKnownFileType = wrapper.framework; path = UIKit.framework; sourceTree = DEVELOPER_DIR; };
		4C35484491C17D6DFD67CDF5 /* libssl.xcframework */ = {isa = PBXFileReference; lastKnownFileType = wrapper.xcframework; name = libssl.xcframework; path = ../dist/xcframework/libssl.xcframework; sourceTree = SOURCE_ROOT; };
		4E1D4733B47E3B130F80BB93 /* CoreGraphics.framework */ = {isa = PBXFileReference; lastKnownFileType = wrapper.framework; path = CoreGraphics.framework; sourceTree = DEVELOPER_DIR; };
		53194086AA153D9EA52C90DF /* AudioToolbox.framework */ = {isa = PBXFileReference; lastKnownFileType = wrapper.framework; path = AudioToolbox.framework; sourceTree = DEVELOPER_DIR; };
		59738AB41A8BB5D8001B2C0C /* lib */ = {isa = PBXFileReference; lastKnownFileType = folder; name = lib; path = /Users/dominikvoglmaier/dist/root/python3/lib; sourceTree = "<group>"; };
		59738ABA1A8E19AA001B2C0C /* Images.xcassets */ = {isa = PBXFileReference; lastKnownFileType = folder.assetcatalog; name = Images.xcassets; path = fa1000/Images.xcassets; sourceTree = "<group>"; };
		59994E3A148E85C800863906 /* YourApp */ = {isa = PBXFileReference; lastKnownFileType = folder; path = YourApp; sourceTree = "<group>"; };
		59FDEA8A21E7D34E004E6ECE /* include */ = {isa = PBXFileReference; lastKnownFileType = folder; name = include; path = /Users/dominikvoglmaier/dist/root/python3/include; sourceTree = "<group>"; };
		5E4C498C84695EA0C95329F2 /* GameController.framework */ = {isa = PBXFileReference; lastKnownFileType = wrapper.framework; path = GameController.framework; sourceTree = DEVELOPER_DIR; };
		5FFB4C5C8020FA01EED7D27B /* Accelerate.framework */ = {isa = PBXFileReference; lastKnownFileType = wrapper.framework; path = Accelerate.framework; sourceTree = DEVELOPER_DIR; };
		63384B4C942F2913F15F3832 /* AVFoundation.framework */ = {isa = PBXFileReference; lastKnownFileType = wrapper.framework; path = AVFoundation.framework; sourceTree = DEVELOPER_DIR; };
		6BE34A05B7AFBB218553603E /* libSDL2_ttf.xcframework */ = {isa = PBXFileReference; lastKnownFileType = wrapper.xcframework; name = libSDL2_ttf.xcframework; path = ../dist/xcframework/libSDL2_ttf.xcframework; sourceTree = SOURCE_ROOT; };
		848943639BF71D54F08D261F /* libkivy.xcframework */ = {isa = PBXFileReference; lastKnownFileType = wrapper.xcframework; name = libkivy.xcframework; path = ../dist/xcframework/libkivy.xcframework; sourceTree = SOURCE_ROOT; };
		858740A8A395FA8504F53CCB /* WebKit.framework */ = {isa = PBXFileReference; lastKnownFileType = wrapper.framework; path = WebKit.framework; sourceTree = DEVELOPER_DIR; };
		86274010AEF9891B6D13EB5B /* MessageUI.framework */ = {isa = PBXFileReference; lastKnownFileType = wrapper.framework; path = MessageUI.framework; sourceTree = DEVELOPER_DIR; };
		8D1107310486CEB800E47090 /* fa1000-Info.plist */ = {isa = PBXFileReference; fileEncoding = 4; lastKnownFileType = text.plist.xml; path = "fa1000-Info.plist"; plistStructureDefinitionIdentifier = "com.apple.xcode.plist.structure-definition.iphone.info-plist"; sourceTree = "<group>"; };
		91CA449ABFDBFF44BBF9E2A8 /* OpenGLES.framework */ = {isa = PBXFileReference; lastKnownFileType = wrapper.framework; path = OpenGLES.framework; sourceTree = DEVELOPER_DIR; };
		93724A0898130FFBDBDC000F /* libbz2.tbd */ = {isa = PBXFileReference; lastKnownFileType = "sourcecode.text-based-dylib-definition"; path = libbz2.tbd; sourceTree = DEVELOPER_DIR; };
		942F4AF1B21982FCD53B2D5B /* Metal.framework */ = {isa = PBXFileReference; lastKnownFileType = wrapper.framework; path = Metal.framework; sourceTree = DEVELOPER_DIR; };
		95554A4999A3C72B58AC5711 /* CoreVideo.framework */ = {isa = PBXFileReference; lastKnownFileType = wrapper.framework; path = CoreVideo.framework; sourceTree = DEVELOPER_DIR; };
		A2684803B963E4A32476BD56 /* libc++.tbd */ = {isa = PBXFileReference; lastKnownFileType = "sourcecode.text-based-dylib-definition"; path = "libc++.tbd"; sourceTree = DEVELOPER_DIR; };
		A45F4983B903D4F053DB80A8 /* libsqlite3.tbd */ = {isa = PBXFileReference; lastKnownFileType = "sourcecode.text-based-dylib-definition"; path = libsqlite3.tbd; sourceTree = DEVELOPER_DIR; };
		AC5106F42959EE4E00655416 /* Launch Screen.storyboard */ = {isa = PBXFileReference; fileEncoding = 4; lastKnownFileType = file.storyboard; name = "Launch Screen.storyboard"; path = "Storyboards/Launch Screen.storyboard"; sourceTree = "<group>"; };
		BD97461E9D6E45E48E44E5D3 /* CoreMedia.framework */ = {isa = PBXFileReference; lastKnownFileType = wrapper.framework; path = CoreMedia.framework; sourceTree = DEVELOPER_DIR; };
		C5784F089BCED68888B02590 /* libpython3.11.xcframework */ = {isa = PBXFileReference; lastKnownFileType = wrapper.xcframework; name = libpython3.11.xcframework; path = ../dist/xcframework/libpython3.11.xcframework; sourceTree = SOURCE_ROOT; };
		C84944FD89E7274F59B5D25D /* libSDL2_image.xcframework */ = {isa = PBXFileReference; lastKnownFileType = wrapper.xcframework; name = libSDL2_image.xcframework; path = ../dist/xcframework/libSDL2_image.xcframework; sourceTree = SOURCE_ROOT; };
		CBD84C5EB0EAD701EC14B39C /* libffi.xcframework */ = {isa = PBXFileReference; lastKnownFileType = wrapper.xcframework; name = libffi.xcframework; path = ../dist/xcframework/libffi.xcframework; sourceTree = SOURCE_ROOT; };
		DB8C48DF91D05DF3A18079BD /* Photos.framework */ = {isa = PBXFileReference; lastKnownFileType = wrapper.framework; path = Photos.framework; sourceTree = DEVELOPER_DIR; };
		E4E840F2B5217E0AE886FD7A /* libz.tbd */ = {isa = PBXFileReference; lastKnownFileType = "sourcecode.text-based-dylib-definition"; path = libz.tbd; sourceTree = DEVELOPER_DIR; };
		E4EE497887D9BF5CC22FBF91 /* CoreMotion.framework */ = {isa = PBXFileReference; lastKnownFileType = wrapper.framework; path = CoreMotion.framework; sourceTree = DEVELOPER_DIR; };
		E7EC475695B9BD276DEF062E /* libpng16.xcframework */ = {isa = PBXFileReference; lastKnownFileType = wrapper.xcframework; name = libpng16.xcframework; path = ../dist/xcframework/libpng16.xcframework; sourceTree = SOURCE_ROOT; };
		E85F4A99A71A335B91DC87C9 /* libSDL2.xcframework */ = {isa = PBXFileReference; lastKnownFileType = wrapper.xcframework; name = libSDL2.xcframework; path = ../dist/xcframework/libSDL2.xcframework; sourceTree = SOURCE_ROOT; };
		E8784351A951D75CA4C13FA6 /* ImageIO.framework */ = {isa = PBXFileReference; lastKnownFileType = wrapper.framework; path = ImageIO.framework; sourceTree = DEVELOPER_DIR; };
		F2B94923964A1CE4962D4E10 /* libpyobjus.xcframework */ = {isa = PBXFileReference; lastKnownFileType = wrapper.xcframework; name = libpyobjus.xcframework; path = ../dist/xcframework/libpyobjus.xcframework; sourceTree = SOURCE_ROOT; };
/* End PBXFileReference section */

/* Begin PBXFrameworksBuildPhase section */
		1D60588F0D05DD3D006BFB54 /* Frameworks */ = {
			isa = PBXFrameworksBuildPhase;
			buildActionMask = 2147483647;
			files = (
				3CB14CA094DEC09684BDA071 /* Photos.framework in Frameworks */,
				3BCB48F1A3844918A2216231 /* QuartzCore.framework in Frameworks */,
				091E417EBA8DB5FB40D46D4E /* UIKit.framework in Frameworks */,
				47A342C18F6C020D21FD5271 /* CoreVideo.framework in Frameworks */,
				B6B2487EB6BA8AAB887787C3 /* CoreHaptics.framework in Frameworks */,
				BA614918BAFE5ADB15134935 /* CoreMotion.framework in Frameworks */,
				C1AD452BB642E3F95466FF09 /* MobileCoreServices.framework in Frameworks */,
				78B34E52899E4B83200BD927 /* Accelerate.framework in Frameworks */,
				1E9844E4940ED46B1955D4C3 /* AVFoundation.framework in Frameworks */,
				2786433AB876EAD1C19F6590 /* CoreMedia.framework in Frameworks */,
				89144AD88B780E107BA1ED59 /* OpenGLES.framework in Frameworks */,
				7D504A9F8BAE5BB13A9FD717 /* AudioToolbox.framework in Frameworks */,
				BD9E47929F71813BA8CCBCB1 /* ImageIO.framework in Frameworks */,
				19394CDFAC9A1A2A2A394420 /* CoreGraphics.framework in Frameworks */,
				FB1C418CAD0205E109E351BE /* WebKit.framework in Frameworks */,
				A5C541969E10B11B74E7D948 /* MessageUI.framework in Frameworks */,
				A2704BF3830585D2E8BF14F8 /* Metal.framework in Frameworks */,
				82B14479B5B9FB62DFC32356 /* GameController.framework in Frameworks */,
				D1C9432F819E24B3C395D540 /* libc++.tbd in Frameworks */,
				769E451A99E4DFBCADEFC806 /* libbz2.tbd in Frameworks */,
				DAE9450BB90E3F1263E3AF24 /* libz.tbd in Frameworks */,
				C86F415596FA2D6F4D35BA57 /* libsqlite3.tbd in Frameworks */,
				75D34D07AB4B64F65EAE2A09 /* libcrypto.xcframework in Frameworks */,
				1E60416389306976DBF42536 /* libpython3.11.xcframework in Frameworks */,
				A1ED4B36A724E8446635E28C /* libSDL2_mixer.xcframework in Frameworks */,
				ED4F443B8A194CD9455697F6 /* libssl.xcframework in Frameworks */,
				4E5C4426B2D92E83E3113D0D /* libSDL2_image.xcframework in Frameworks */,
				7C3E47C7B3033A944828DF6D /* libffi.xcframework in Frameworks */,
				060C443B87D8C3EF1FC2416F /* libpyobjus.xcframework in Frameworks */,
				E65F4116B4763E73264B5C92 /* libkivy.xcframework in Frameworks */,
				D0AA4E88A0B644389AE144F3 /* libios.xcframework in Frameworks */,
				177A4E9D994D9F9E79D6E201 /* libpng16.xcframework in Frameworks */,
				1E54484083C6F437CE89A62B /* libSDL2.xcframework in Frameworks */,
				17734C29BE05C8DA2710DF05 /* libSDL2_ttf.xcframework in Frameworks */,
			);
			runOnlyForDeploymentPostprocessing = 0;
		};
/* End PBXFrameworksBuildPhase section */

/* Begin PBXGroup section */
		080E96DDFE201D6D7F000001 /* Classes */ = {
			isa = PBXGroup;
			children = (
				2CB5F34517D5233A006187AB /* bridge.h */,
				2CB5F34617D5233A006187AB /* bridge.m */,
			);
			path = Classes;
			sourceTree = "<group>";
		};
		19C28FACFE9D520D11CA2CBB /* Products */ = {
			isa = PBXGroup;
			children = (
				1D6058910D05DD3D006BFB54 /* fa1000.app */,
			);
			name = Products;
			sourceTree = "<group>";
		};
		29B97314FDCFA39411CA2CEA /* CustomTemplate */ = {
			isa = PBXGroup;
			children = (
				AC5106F32959EE3800655416 /* Storyboards */,
				080E96DDFE201D6D7F000001 /* Classes */,
				29B97315FDCFA39411CA2CEA /* Sources */,
				29B97317FDCFA39411CA2CEA /* Resources */,
				29B97323FDCFA39411CA2CEA /* Frameworks */,
				19C28FACFE9D520D11CA2CBB /* Products */,
			);
			name = CustomTemplate;
			sourceTree = "<group>";
		};
		29B97315FDCFA39411CA2CEA /* Sources */ = {
			isa = PBXGroup;
			children = (
				29B97316FDCFA39411CA2CEA /* main.m */,
				59994E3A148E85C800863906 /* YourApp */,
			);
			name = Sources;
			sourceTree = "<group>";
		};
		29B97317FDCFA39411CA2CEA /* Resources */ = {
			isa = PBXGroup;
			children = (
				59738ABA1A8E19AA001B2C0C /* Images.xcassets */,
				59738AB41A8BB5D8001B2C0C /* lib */,
				59FDEA8A21E7D34E004E6ECE /* include */,
				01532DA9137C099F0076F6BF /* icon.png */,
				8D1107310486CEB800E47090 /* fa1000-Info.plist */,
			);
			name = Resources;
			sourceTree = "<group>";
		};
		29B97323FDCFA39411CA2CEA /* Frameworks */ = {
			isa = PBXGroup;
			children = (
				DB8C48DF91D05DF3A18079BD /* Photos.framework */,
				2ADD4022922EDD5A6EEF3EFB /* QuartzCore.framework */,
				37B8416F93E96BCAADB97406 /* UIKit.framework */,
				95554A4999A3C72B58AC5711 /* CoreVideo.framework */,
				011B4B8AAB2DE5540D473F2B /* CoreHaptics.framework */,
				E4EE497887D9BF5CC22FBF91 /* CoreMotion.framework */,
				1A36434288218F01BD060B56 /* MobileCoreServices.framework */,
				5FFB4C5C8020FA01EED7D27B /* Accelerate.framework */,
				63384B4C942F2913F15F3832 /* AVFoundation.framework */,
				BD97461E9D6E45E48E44E5D3 /* CoreMedia.framework */,
				91CA449ABFDBFF44BBF9E2A8 /* OpenGLES.framework */,
				53194086AA153D9EA52C90DF /* AudioToolbox.framework */,
				E8784351A951D75CA4C13FA6 /* ImageIO.framework */,
				4E1D4733B47E3B130F80BB93 /* CoreGraphics.framework */,
				858740A8A395FA8504F53CCB /* WebKit.framework */,
				86274010AEF9891B6D13EB5B /* MessageUI.framework */,
				942F4AF1B21982FCD53B2D5B /* Metal.framework */,
				5E4C498C84695EA0C95329F2 /* GameController.framework */,
				A2684803B963E4A32476BD56 /* libc++.tbd */,
				93724A0898130FFBDBDC000F /* libbz2.tbd */,
				E4E840F2B5217E0AE886FD7A /* libz.tbd */,
				A45F4983B903D4F053DB80A8 /* libsqlite3.tbd */,
				25D340269255EED97BFAF156 /* libcrypto.xcframework */,
				C5784F089BCED68888B02590 /* libpython3.11.xcframework */,
				2F51474D9418C2E1DFEA7A43 /* libSDL2_mixer.xcframework */,
				4C35484491C17D6DFD67CDF5 /* libssl.xcframework */,
				C84944FD89E7274F59B5D25D /* libSDL2_image.xcframework */,
				CBD84C5EB0EAD701EC14B39C /* libffi.xcframework */,
				F2B94923964A1CE4962D4E10 /* libpyobjus.xcframework */,
				848943639BF71D54F08D261F /* libkivy.xcframework */,
				31944B239B50F6BD15D977B8 /* libios.xcframework */,
				E7EC475695B9BD276DEF062E /* libpng16.xcframework */,
				E85F4A99A71A335B91DC87C9 /* libSDL2.xcframework */,
				6BE34A05B7AFBB218553603E /* libSDL2_ttf.xcframework */,
			);
			name = Frameworks;
			sourceTree = "<group>";
		};
		AC5106F32959EE3800655416 /* Storyboards */ = {
			isa = PBXGroup;
			children = (
				AC5106F42959EE4E00655416 /* Launch Screen.storyboard */,
			);
			name = Storyboards;
			sourceTree = "<group>";
		};
/* End PBXGroup section */

/* Begin PBXNativeTarget section */
		1D6058900D05DD3D006BFB54 /* fa1000 */ = {
			isa = PBXNativeTarget;
			buildConfigurationList = 1D6058960D05DD3E006BFB54 /* Build configuration list for PBXNativeTarget "fa1000" */;
			buildPhases = (
				113D17E2153E3DB5001310A5 /* ShellScript */,
				113D17E2153E3DB5001310A6 /* ShellScript */,
				113D17E2153E3DB5001310A7 /* ShellScript */,
				1D60588D0D05DD3D006BFB54 /* Resources */,
				1D60588E0D05DD3D006BFB54 /* Sources */,
				1D60588F0D05DD3D006BFB54 /* Frameworks */,
			);
			buildRules = (
			);
			dependencies = (
			);
			name = fa1000;
			productName = fa1000;
			productReference = 1D6058910D05DD3D006BFB54 /* fa1000.app */;
			productType = "com.apple.product-type.application";
		};
/* End PBXNativeTarget section */

/* Begin PBXProject section */
		29B97313FDCFA39411CA2CEA /* Project object */ = {
			isa = PBXProject;
			attributes = {
				LastUpgradeCheck = 0610;
			};
			buildConfigurationList = C01FCF4E08A954540054247B /* Build configuration list for PBXProject "fa1000" */;
			compatibilityVersion = "Xcode 3.2";
			developmentRegion = English;
			hasScannedForEncodings = 1;
			knownRegions = (
				English,
				Japanese,
				French,
				German,
			);
			mainGroup = 29B97314FDCFA39411CA2CEA /* CustomTemplate */;
			projectDirPath = "";
			projectRoot = "";
			targets = (
				1D6058900D05DD3D006BFB54 /* fa1000 */,
			);
		};
/* End PBXProject section */

/* Begin PBXResourcesBuildPhase section */
		1D60588D0D05DD3D006BFB54 /* Resources */ = {
			isa = PBXResourcesBuildPhase;
			buildActionMask = 2147483647;
			files = (
				59738AB51A8BB5D8001B2C0C /* lib in Resources */,
				AC5106F52959EE4E00655416 /* Launch Screen.storyboard in Resources */,
				59FDEA8B21E7D34E004E6ECE /* include in Resources */,
				59738ABB1A8E19AA001B2C0C /* Images.xcassets in Resources */,
				01532DAA137C099F0076F6BF /* icon.png in Resources */,
				59994E3B148E85C800863906 /* YourApp in Resources */,
			);
			runOnlyForDeploymentPostprocessing = 0;
		};
/* End PBXResourcesBuildPhase section */

/* Begin PBXShellScriptBuildPhase section */
		113D17E2153E3DB5001310A5 /* ShellScript */ = {
			isa = PBXShellScriptBuildPhase;
			buildActionMask = 12;
			files = (
			);
			inputPaths = (
			);
			outputPaths = (
			);
			runOnlyForDeploymentPostprocessing = 0;
			shellPath = /bin/bash;
			shellScript = "rsync -av -O --no-perms --delete \"/Users/dominikvoglmaier/Codes/Private_tests/feuerwehr_app/app\"/ \"$PROJECT_DIR\"/YourApp\n";
		};
		113D17E2153E3DB5001310A6 /* ShellScript */ = {
			isa = PBXShellScriptBuildPhase;
			buildActionMask = 12;
			files = (
			);
			inputPaths = (
			);
			outputPaths = (
			);
			runOnlyForDeploymentPostprocessing = 0;
			shellPath = /bin/bash;
			shellScript = "/Users/dominikvoglmaier/dist/hostpython3/bin/python -m compileall -f -b \"$PROJECT_DIR\"/YourApp\n";
		};
		113D17E2153E3DB5001310A7 /* ShellScript */ = {
			isa = PBXShellScriptBuildPhase;
			buildActionMask = 12;
			files = (
			);
			inputPaths = (
			);
			outputPaths = (
			);
			runOnlyForDeploymentPostprocessing = 0;
			shellPath = /bin/bash;
			shellScript = "find \"$PROJECT_DIR\"/YourApp/ -regex '.*\\.py' -delete\n";
		};
/* End PBXShellScriptBuildPhase section */

/* Begin PBXSourcesBuildPhase section */
		1D60588E0D05DD3D006BFB54 /* Sources */ = {
			isa = PBXSourcesBuildPhase;
			buildActionMask = 2147483647;
			files = (
				1D60589B0D05DD56006BFB54 /* main.m in Sources */,
				2CB5F34717D5233A006187AB /* bridge.m in Sources */,
			);
			runOnlyForDeploymentPostprocessing = 0;
		};
/* End PBXSourcesBuildPhase section */

/* Begin XCBuildConfiguration section */
		1D6058940D05DD3E006BFB54 /* Debug */ = {
			isa = XCBuildConfiguration;
			buildSettings = {
				ALWAYS_SEARCH_USER_PATHS = NO;
				ASSETCATALOG_COMPILER_APPICON_NAME = AppIcon;
				CODE_SIGN_IDENTITY = "iPhone Developer";
				"CODE_SIGN_IDENTITY[sdk=iphoneos*]" = "iPhone Developer";
				COPY_PHASE_STRIP = NO;
				EXCLUDED_ARCHS = "";
				FRAMEWORK_SEARCH_PATHS = (
					/Users/dominikvoglmaier/dist/frameworks,
					"$(SRCROOT)/../dist/xcframework",
					"$(inherited)",
				);
				GCC_DYNAMIC_NO_PIC = NO;
				GCC_OPTIMIZATION_LEVEL = 0;
				GCC_PRECOMPILE_PREFIX_HEADER = YES;
				GCC_PREFIX_HEADER = "";
				GCC_PREPROCESSOR_DEFINITIONS = "DEBUG=1";
				GCC_VERSION = com.apple.compilers.llvm.clang.1_0;
				HEADER_SEARCH_PATHS = (
					/Users/dominikvoglmaier/dist/root/python3/include/python3.11,
					/Users/dominikvoglmaier/dist/include/common/sdl2,
				);
				INFOPLIST_FILE = "fa1000-Info.plist";
				IPHONEOS_DEPLOYMENT_TARGET = 9.0;
				LIBRARY_SEARCH_PATHS = (
					"$(inherited)",
					/Users/dominikvoglmaier/dist/lib,
				);
				ONLY_ACTIVE_ARCH = YES;
				OTHER_LDFLAGS = "-all_load";
				PRODUCT_NAME = fa1000;
				PROVISIONING_PROFILE = "";
				"PROVISIONING_PROFILE[sdk=iphoneos*]" = "";
				SDKROOT = iphoneos;
				STRIP_INSTALLED_PRODUCT = NO;
				TARGETED_DEVICE_FAMILY = "1,2";
				USER_HEADER_SEARCH_PATHS = "";
			};
			name = Debug;
		};
		1D6058950D05DD3E006BFB54 /* Release */ = {
			isa = XCBuildConfiguration;
			buildSettings = {
				ALWAYS_SEARCH_USER_PATHS = NO;
				ASSETCATALOG_COMPILER_APPICON_NAME = AppIcon;
				CODE_SIGN_IDENTITY = "iPhone Developer";
				"CODE_SIGN_IDENTITY[sdk=iphoneos*]" = "iPhone Developer";
				CODE_SIGN_RESOURCE_RULES_PATH = "$(SDKROOT)/ResourceRules.plist";
				COPY_PHASE_STRIP = NO;
				EXCLUDED_ARCHS = "";
				FRAMEWORK_SEARCH_PATHS = (
					/Users/dominikvoglmaier/dist/frameworks,
					"$(SRCROOT)/../dist/xcframework",
					"$(inherited)",
				);
				GCC_PRECOMPILE_PREFIX_HEADER = YES;
				GCC_PREFIX_HEADER = "";
				GCC_VERSION = com.apple.compilers.llvm.clang.1_0;
				HEADER_SEARCH_PATHS = (
					/Users/dominikvoglmaier/dist/root/python3/include/python3.11,
					/Users/dominikvoglmaier/dist/include/common/sdl2,
				);
				INFOPLIST_FILE = "fa1000-Info.plist";
				IPHONEOS_DEPLOYMENT_TARGET = 9.0;
				LIBRARY_SEARCH_PATHS = (
					"$(inherited)",
					/Users/dominikvoglmaier/dist/lib,
				);
				OTHER_LDFLAGS = "-all_load";
				PRODUCT_NAME = fa1000;
				PROVISIONING_PROFILE = "";
				"PROVISIONING_PROFILE[sdk=iphoneos*]" = "";
				SDKROOT = iphoneos;
				SKIP_INSTALL = NO;
				STRIP_INSTALLED_PRODUCT = NO;
				TARGETED_DEVICE_FAMILY = "1,2";
				USER_HEADER_SEARCH_PATHS = "";
				VALIDATE_PRODUCT = YES;
			};
			name = Release;
		};
		C01FCF4F08A954540054247B /* Debug */ = {
			isa = XCBuildConfiguration;
			buildSettings = {
				ARCHS = "$(ARCHS_STANDARD_64_BIT)";
				DEAD_CODE_STRIPPING = NO;
				ENABLE_BITCODE = NO;
				USER_HEADER_SEARCH_PATHS = /Users/dominikvoglmaier/dist/root/include/;
			};
			name = Debug;
		};
		C01FCF5008A954540054247B /* Release */ = {
			isa = XCBuildConfiguration;
			buildSettings = {
				ARCHS = "$(ARCHS_STANDARD_64_BIT)";
				DEAD_CODE_STRIPPING = NO;
				ENABLE_BITCODE = NO;
				OTHER_CFLAGS = "-DNS_BLOCK_ASSERTIONS=1";
				USER_HEADER_SEARCH_PATHS = /Users/dominikvoglmaier/dist/root/include/;
			};
			name = Release;
		};
/* End XCBuildConfiguration section */

/* Begin XCConfigurationList section */
		1D6058960D05DD3E006BFB54 /* Build configuration list for PBXNativeTarget "fa1000" */ = {
			isa = XCConfigurationList;
			buildConfigurations = (
				1D6058940D05DD3E006BFB54 /* Debug */,
				1D6058950D05DD3E006BFB54 /* Release */,
			);
			defaultConfigurationIsVisible = 0;
			defaultConfigurationName = Release;
		};
		C01FCF4E08A954540054247B /* Build configuration list for PBXProject "fa1000" */ = {
			isa = XCConfigurationList;
			buildConfigurations = (
				C01FCF4F08A954540054247B /* Debug */,
				C01FCF5008A954540054247B /* Release */,
			);
			defaultConfigurationIsVisible = 0;
			defaultConfigurationName = Release;
		};
/* End XCConfigurationList section */
	};
	rootObject = 29B97313FDCFA39411CA2CEA /* Project object */;
}
